// !$*UTF8*$!
{
	archiveVersion = 1;
	classes = {
	};
	objectVersion = 46;
	objects = {

/* Begin PBXBuildFile section */
		01585A1EE75FC111A3975328 /* Pods_Remote_ControllerUITests.framework in Frameworks */ = {isa = PBXBuildFile; fileRef = 8E23F01F388A19A3F4D3FAD9 /* Pods_Remote_ControllerUITests.framework */; };
		0E13823AE3C060BD175C2E32 /* Pods_Remote_Controller.framework in Frameworks */ = {isa = PBXBuildFile; fileRef = 75CB35AC1A8A813AAEE5262E /* Pods_Remote_Controller.framework */; };
		57C7DDAF1F9908470084A056 /* AppDelegate.swift in Sources */ = {isa = PBXBuildFile; fileRef = 57C7DDAE1F9908470084A056 /* AppDelegate.swift */; };
		57C7DDB11F9908470084A056 /* ViewController.swift in Sources */ = {isa = PBXBuildFile; fileRef = 57C7DDB01F9908470084A056 /* ViewController.swift */; };
		57C7DDB41F9908470084A056 /* Main.storyboard in Resources */ = {isa = PBXBuildFile; fileRef = 57C7DDB21F9908470084A056 /* Main.storyboard */; };
		57C7DDB61F9908470084A056 /* Assets.xcassets in Resources */ = {isa = PBXBuildFile; fileRef = 57C7DDB51F9908470084A056 /* Assets.xcassets */; };
		57C7DDB91F9908470084A056 /* LaunchScreen.storyboard in Resources */ = {isa = PBXBuildFile; fileRef = 57C7DDB71F9908470084A056 /* LaunchScreen.storyboard */; };
		57C7DDC41F9908480084A056 /* Remote_ControllerTests.swift in Sources */ = {isa = PBXBuildFile; fileRef = 57C7DDC31F9908480084A056 /* Remote_ControllerTests.swift */; };
		57C7DDCF1F9908480084A056 /* Remote_ControllerUITests.swift in Sources */ = {isa = PBXBuildFile; fileRef = 57C7DDCE1F9908480084A056 /* Remote_ControllerUITests.swift */; };
		7D7C1AA71A55DD73453EC368 /* Pods_Remote_ControllerTests.framework in Frameworks */ = {isa = PBXBuildFile; fileRef = 147A5363CD35822CF495E2BF /* Pods_Remote_ControllerTests.framework */; };
/* End PBXBuildFile section */

/* Begin PBXContainerItemProxy section */
		57C7DDC01F9908470084A056 /* PBXContainerItemProxy */ = {
			isa = PBXContainerItemProxy;
			containerPortal = 57C7DDA31F9908470084A056 /* Project object */;
			proxyType = 1;
			remoteGlobalIDString = 57C7DDAA1F9908470084A056;
			remoteInfo = "Remote Controller";
		};
		57C7DDCB1F9908480084A056 /* PBXContainerItemProxy */ = {
			isa = PBXContainerItemProxy;
			containerPortal = 57C7DDA31F9908470084A056 /* Project object */;
			proxyType = 1;
			remoteGlobalIDString = 57C7DDAA1F9908470084A056;
			remoteInfo = "Remote Controller";
		};
/* End PBXContainerItemProxy section */

/* Begin PBXFileReference section */
		10AB8C0F1EBC24DDB0973F76 /* Pods-Remote ControllerUITests.debug.xcconfig */ = {isa = PBXFileReference; includeInIndex = 1; lastKnownFileType = text.xcconfig; name = "Pods-Remote ControllerUITests.debug.xcconfig"; path = "Pods/Target Support Files/Pods-Remote ControllerUITests/Pods-Remote ControllerUITests.debug.xcconfig"; sourceTree = "<group>"; };
		147A5363CD35822CF495E2BF /* Pods_Remote_ControllerTests.framework */ = {isa = PBXFileReference; explicitFileType = wrapper.framework; includeInIndex = 0; path = Pods_Remote_ControllerTests.framework; sourceTree = BUILT_PRODUCTS_DIR; };
		4CFCF1662C138634C065991A /* Pods-Remote Controller.release.xcconfig */ = {isa = PBXFileReference; includeInIndex = 1; lastKnownFileType = text.xcconfig; name = "Pods-Remote Controller.release.xcconfig"; path = "Pods/Target Support Files/Pods-Remote Controller/Pods-Remote Controller.release.xcconfig"; sourceTree = "<group>"; };
		57C7DDAB1F9908470084A056 /* Remote Controller.app */ = {isa = PBXFileReference; explicitFileType = wrapper.application; includeInIndex = 0; path = "Remote Controller.app"; sourceTree = BUILT_PRODUCTS_DIR; };
		57C7DDAE1F9908470084A056 /* AppDelegate.swift */ = {isa = PBXFileReference; lastKnownFileType = sourcecode.swift; path = AppDelegate.swift; sourceTree = "<group>"; };
		57C7DDB01F9908470084A056 /* ViewController.swift */ = {isa = PBXFileReference; lastKnownFileType = sourcecode.swift; path = ViewController.swift; sourceTree = "<group>"; };
		57C7DDB31F9908470084A056 /* Base */ = {isa = PBXFileReference; lastKnownFileType = file.storyboard; name = Base; path = Base.lproj/Main.storyboard; sourceTree = "<group>"; };
		57C7DDB51F9908470084A056 /* Assets.xcassets */ = {isa = PBXFileReference; lastKnownFileType = folder.assetcatalog; path = Assets.xcassets; sourceTree = "<group>"; };
		57C7DDB81F9908470084A056 /* Base */ = {isa = PBXFileReference; lastKnownFileType = file.storyboard; name = Base; path = Base.lproj/LaunchScreen.storyboard; sourceTree = "<group>"; };
		57C7DDBA1F9908470084A056 /* Info.plist */ = {isa = PBXFileReference; lastKnownFileType = text.plist.xml; path = Info.plist; sourceTree = "<group>"; };
		57C7DDBF1F9908470084A056 /* Remote ControllerTests.xctest */ = {isa = PBXFileReference; explicitFileType = wrapper.cfbundle; includeInIndex = 0; path = "Remote ControllerTests.xctest"; sourceTree = BUILT_PRODUCTS_DIR; };
		57C7DDC31F9908480084A056 /* Remote_ControllerTests.swift */ = {isa = PBXFileReference; lastKnownFileType = sourcecode.swift; path = Remote_ControllerTests.swift; sourceTree = "<group>"; };
		57C7DDC51F9908480084A056 /* Info.plist */ = {isa = PBXFileReference; lastKnownFileType = text.plist.xml; path = Info.plist; sourceTree = "<group>"; };
		57C7DDCA1F9908480084A056 /* Remote ControllerUITests.xctest */ = {isa = PBXFileReference; explicitFileType = wrapper.cfbundle; includeInIndex = 0; path = "Remote ControllerUITests.xctest"; sourceTree = BUILT_PRODUCTS_DIR; };
		57C7DDCE1F9908480084A056 /* Remote_ControllerUITests.swift */ = {isa = PBXFileReference; lastKnownFileType = sourcecode.swift; path = Remote_ControllerUITests.swift; sourceTree = "<group>"; };
		57C7DDD01F9908480084A056 /* Info.plist */ = {isa = PBXFileReference; lastKnownFileType = text.plist.xml; path = Info.plist; sourceTree = "<group>"; };
		75CB35AC1A8A813AAEE5262E /* Pods_Remote_Controller.framework */ = {isa = PBXFileReference; explicitFileType = wrapper.framework; includeInIndex = 0; path = Pods_Remote_Controller.framework; sourceTree = BUILT_PRODUCTS_DIR; };
		86D5511C0C38EA2A84E943D9 /* Pods-Remote ControllerTests.debug.xcconfig */ = {isa = PBXFileReference; includeInIndex = 1; lastKnownFileType = text.xcconfig; name = "Pods-Remote ControllerTests.debug.xcconfig"; path = "Pods/Target Support Files/Pods-Remote ControllerTests/Pods-Remote ControllerTests.debug.xcconfig"; sourceTree = "<group>"; };
		8E23F01F388A19A3F4D3FAD9 /* Pods_Remote_ControllerUITests.framework */ = {isa = PBXFileReference; explicitFileType = wrapper.framework; includeInIndex = 0; path = Pods_Remote_ControllerUITests.framework; sourceTree = BUILT_PRODUCTS_DIR; };
		93774E19DBF3B74FD87BAC61 /* Pods-Remote ControllerTests.release.xcconfig */ = {isa = PBXFileReference; includeInIndex = 1; lastKnownFileType = text.xcconfig; name = "Pods-Remote ControllerTests.release.xcconfig"; path = "Pods/Target Support Files/Pods-Remote ControllerTests/Pods-Remote ControllerTests.release.xcconfig"; sourceTree = "<group>"; };
		AB998464C636FBD032DF7E21 /* Pods-Remote Controller.debug.xcconfig */ = {isa = PBXFileReference; includeInIndex = 1; lastKnownFileType = text.xcconfig; name = "Pods-Remote Controller.debug.xcconfig"; path = "Pods/Target Support Files/Pods-Remote Controller/Pods-Remote Controller.debug.xcconfig"; sourceTree = "<group>"; };
		D24DBE45F2C4A08AA507A44D /* Pods-Remote ControllerUITests.release.xcconfig */ = {isa = PBXFileReference; includeInIndex = 1; lastKnownFileType = text.xcconfig; name = "Pods-Remote ControllerUITests.release.xcconfig"; path = "Pods/Target Support Files/Pods-Remote ControllerUITests/Pods-Remote ControllerUITests.release.xcconfig"; sourceTree = "<group>"; };
/* End PBXFileReference section */

/* Begin PBXFrameworksBuildPhase section */
		57C7DDA81F9908470084A056 /* Frameworks */ = {
			isa = PBXFrameworksBuildPhase;
			buildActionMask = 2147483647;
			files = (
				0E13823AE3C060BD175C2E32 /* Pods_Remote_Controller.framework in Frameworks */,
			);
			runOnlyForDeploymentPostprocessing = 0;
		};
		57C7DDBC1F9908470084A056 /* Frameworks */ = {
			isa = PBXFrameworksBuildPhase;
			buildActionMask = 2147483647;
			files = (
				7D7C1AA71A55DD73453EC368 /* Pods_Remote_ControllerTests.framework in Frameworks */,
			);
			runOnlyForDeploymentPostprocessing = 0;
		};
		57C7DDC71F9908480084A056 /* Frameworks */ = {
			isa = PBXFrameworksBuildPhase;
			buildActionMask = 2147483647;
			files = (
				01585A1EE75FC111A3975328 /* Pods_Remote_ControllerUITests.framework in Frameworks */,
			);
			runOnlyForDeploymentPostprocessing = 0;
		};
/* End PBXFrameworksBuildPhase section */

/* Begin PBXGroup section */
		57C7DDA21F9908470084A056 = {
			isa = PBXGroup;
			children = (
				57C7DDAD1F9908470084A056 /* Remote Controller */,
				57C7DDC21F9908480084A056 /* Remote ControllerTests */,
				57C7DDCD1F9908480084A056 /* Remote ControllerUITests */,
				57C7DDAC1F9908470084A056 /* Products */,
				6332F6D9751026BE6FC79CC9 /* Pods */,
				8B1A729827DCDBCC7F602028 /* Frameworks */,
			);
			sourceTree = "<group>";
		};
		57C7DDAC1F9908470084A056 /* Products */ = {
			isa = PBXGroup;
			children = (
				57C7DDAB1F9908470084A056 /* Remote Controller.app */,
				57C7DDBF1F9908470084A056 /* Remote ControllerTests.xctest */,
				57C7DDCA1F9908480084A056 /* Remote ControllerUITests.xctest */,
			);
			name = Products;
			sourceTree = "<group>";
		};
		57C7DDAD1F9908470084A056 /* Remote Controller */ = {
			isa = PBXGroup;
			children = (
				57C7DDAE1F9908470084A056 /* AppDelegate.swift */,
				57C7DDB01F9908470084A056 /* ViewController.swift */,
				57C7DDB21F9908470084A056 /* Main.storyboard */,
				57C7DDB51F9908470084A056 /* Assets.xcassets */,
				57C7DDB71F9908470084A056 /* LaunchScreen.storyboard */,
				57C7DDBA1F9908470084A056 /* Info.plist */,
			);
			path = "Remote Controller";
			sourceTree = "<group>";
		};
		57C7DDC21F9908480084A056 /* Remote ControllerTests */ = {
			isa = PBXGroup;
			children = (
				57C7DDC31F9908480084A056 /* Remote_ControllerTests.swift */,
				57C7DDC51F9908480084A056 /* Info.plist */,
			);
			path = "Remote ControllerTests";
			sourceTree = "<group>";
		};
		57C7DDCD1F9908480084A056 /* Remote ControllerUITests */ = {
			isa = PBXGroup;
			children = (
				57C7DDCE1F9908480084A056 /* Remote_ControllerUITests.swift */,
				57C7DDD01F9908480084A056 /* Info.plist */,
			);
			path = "Remote ControllerUITests";
			sourceTree = "<group>";
		};
		6332F6D9751026BE6FC79CC9 /* Pods */ = {
			isa = PBXGroup;
			children = (
				AB998464C636FBD032DF7E21 /* Pods-Remote Controller.debug.xcconfig */,
				4CFCF1662C138634C065991A /* Pods-Remote Controller.release.xcconfig */,
				86D5511C0C38EA2A84E943D9 /* Pods-Remote ControllerTests.debug.xcconfig */,
				93774E19DBF3B74FD87BAC61 /* Pods-Remote ControllerTests.release.xcconfig */,
				10AB8C0F1EBC24DDB0973F76 /* Pods-Remote ControllerUITests.debug.xcconfig */,
				D24DBE45F2C4A08AA507A44D /* Pods-Remote ControllerUITests.release.xcconfig */,
			);
			name = Pods;
			sourceTree = "<group>";
		};
		8B1A729827DCDBCC7F602028 /* Frameworks */ = {
			isa = PBXGroup;
			children = (
				75CB35AC1A8A813AAEE5262E /* Pods_Remote_Controller.framework */,
				147A5363CD35822CF495E2BF /* Pods_Remote_ControllerTests.framework */,
				8E23F01F388A19A3F4D3FAD9 /* Pods_Remote_ControllerUITests.framework */,
			);
			name = Frameworks;
			sourceTree = "<group>";
		};
/* End PBXGroup section */

/* Begin PBXNativeTarget section */
		57C7DDAA1F9908470084A056 /* Remote Controller */ = {
			isa = PBXNativeTarget;
			buildConfigurationList = 57C7DDD31F9908480084A056 /* Build configuration list for PBXNativeTarget "Remote Controller" */;
			buildPhases = (
				F7FFDA9A024667502547E910 /* [CP] Check Pods Manifest.lock */,
				57C7DDA71F9908470084A056 /* Sources */,
				57C7DDA81F9908470084A056 /* Frameworks */,
				57C7DDA91F9908470084A056 /* Resources */,
				7F0AEDA555187CE58B1AAF09 /* [CP] Embed Pods Frameworks */,
				29189FB63856AD39D338BEA4 /* [CP] Copy Pods Resources */,
			);
			buildRules = (
			);
			dependencies = (
			);
			name = "Remote Controller";
			productName = "Remote Controller";
			productReference = 57C7DDAB1F9908470084A056 /* Remote Controller.app */;
			productType = "com.apple.product-type.application";
		};
		57C7DDBE1F9908470084A056 /* Remote ControllerTests */ = {
			isa = PBXNativeTarget;
			buildConfigurationList = 57C7DDD61F9908480084A056 /* Build configuration list for PBXNativeTarget "Remote ControllerTests" */;
			buildPhases = (
				B283B3D08958062DD43D485A /* [CP] Check Pods Manifest.lock */,
				57C7DDBB1F9908470084A056 /* Sources */,
				57C7DDBC1F9908470084A056 /* Frameworks */,
				57C7DDBD1F9908470084A056 /* Resources */,
				ADD1563E6820FBE6A1F238E1 /* [CP] Embed Pods Frameworks */,
				152AD68CC4EA32234F7FD06B /* [CP] Copy Pods Resources */,
			);
			buildRules = (
			);
			dependencies = (
				57C7DDC11F9908470084A056 /* PBXTargetDependency */,
			);
			name = "Remote ControllerTests";
			productName = "Remote ControllerTests";
			productReference = 57C7DDBF1F9908470084A056 /* Remote ControllerTests.xctest */;
			productType = "com.apple.product-type.bundle.unit-test";
		};
		57C7DDC91F9908480084A056 /* Remote ControllerUITests */ = {
			isa = PBXNativeTarget;
			buildConfigurationList = 57C7DDD91F9908480084A056 /* Build configuration list for PBXNativeTarget "Remote ControllerUITests" */;
			buildPhases = (
				01EAE3C64E3018B39CE9F082 /* [CP] Check Pods Manifest.lock */,
				57C7DDC61F9908480084A056 /* Sources */,
				57C7DDC71F9908480084A056 /* Frameworks */,
				57C7DDC81F9908480084A056 /* Resources */,
				0F0890E922C473F3995F9C4E /* [CP] Embed Pods Frameworks */,
				052E2BB03A474731ECF57F41 /* [CP] Copy Pods Resources */,
			);
			buildRules = (
			);
			dependencies = (
				57C7DDCC1F9908480084A056 /* PBXTargetDependency */,
			);
			name = "Remote ControllerUITests";
			productName = "Remote ControllerUITests";
			productReference = 57C7DDCA1F9908480084A056 /* Remote ControllerUITests.xctest */;
			productType = "com.apple.product-type.bundle.ui-testing";
		};
/* End PBXNativeTarget section */

/* Begin PBXProject section */
		57C7DDA31F9908470084A056 /* Project object */ = {
			isa = PBXProject;
			attributes = {
				LastSwiftUpdateCheck = 0830;
				LastUpgradeCheck = 0830;
				ORGANIZATIONNAME = "Victor Marsanskis";
				TargetAttributes = {
					57C7DDAA1F9908470084A056 = {
						CreatedOnToolsVersion = 8.3.3;
						DevelopmentTeam = 2GDE33WMRU;
						LastSwiftMigration = 0900;
						ProvisioningStyle = Automatic;
					};
					57C7DDBE1F9908470084A056 = {
						CreatedOnToolsVersion = 8.3.3;
						LastSwiftMigration = 0900;
						ProvisioningStyle = Automatic;
						TestTargetID = 57C7DDAA1F9908470084A056;
					};
					57C7DDC91F9908480084A056 = {
						CreatedOnToolsVersion = 8.3.3;
						LastSwiftMigration = 0900;
						ProvisioningStyle = Automatic;
						TestTargetID = 57C7DDAA1F9908470084A056;
					};
				};
			};
			buildConfigurationList = 57C7DDA61F9908470084A056 /* Build configuration list for PBXProject "Remote Controller" */;
			compatibilityVersion = "Xcode 3.2";
			developmentRegion = English;
			hasScannedForEncodings = 0;
			knownRegions = (
				en,
				Base,
			);
			mainGroup = 57C7DDA21F9908470084A056;
			productRefGroup = 57C7DDAC1F9908470084A056 /* Products */;
			projectDirPath = "";
			projectRoot = "";
			targets = (
				57C7DDAA1F9908470084A056 /* Remote Controller */,
				57C7DDBE1F9908470084A056 /* Remote ControllerTests */,
				57C7DDC91F9908480084A056 /* Remote ControllerUITests */,
			);
		};
/* End PBXProject section */

/* Begin PBXResourcesBuildPhase section */
		57C7DDA91F9908470084A056 /* Resources */ = {
			isa = PBXResourcesBuildPhase;
			buildActionMask = 2147483647;
			files = (
				57C7DDB91F9908470084A056 /* LaunchScreen.storyboard in Resources */,
				57C7DDB61F9908470084A056 /* Assets.xcassets in Resources */,
				57C7DDB41F9908470084A056 /* Main.storyboard in Resources */,
			);
			runOnlyForDeploymentPostprocessing = 0;
		};
		57C7DDBD1F9908470084A056 /* Resources */ = {
			isa = PBXResourcesBuildPhase;
			buildActionMask = 2147483647;
			files = (
			);
			runOnlyForDeploymentPostprocessing = 0;
		};
		57C7DDC81F9908480084A056 /* Resources */ = {
			isa = PBXResourcesBuildPhase;
			buildActionMask = 2147483647;
			files = (
			);
			runOnlyForDeploymentPostprocessing = 0;
		};
/* End PBXResourcesBuildPhase section */

/* Begin PBXShellScriptBuildPhase section */
		01EAE3C64E3018B39CE9F082 /* [CP] Check Pods Manifest.lock */ = {
			isa = PBXShellScriptBuildPhase;
			buildActionMask = 2147483647;
			files = (
			);
			inputPaths = (
				"${PODS_PODFILE_DIR_PATH}/Podfile.lock",
				"${PODS_ROOT}/Manifest.lock",
			);
			name = "[CP] Check Pods Manifest.lock";
			outputPaths = (
				"$(DERIVED_FILE_DIR)/Pods-Remote ControllerUITests-checkManifestLockResult.txt",
			);
			runOnlyForDeploymentPostprocessing = 0;
			shellPath = /bin/sh;
			shellScript = "diff \"${PODS_PODFILE_DIR_PATH}/Podfile.lock\" \"${PODS_ROOT}/Manifest.lock\" > /dev/null\nif [ $? != 0 ] ; then\n    # print error to STDERR\n    echo \"error: The sandbox is not in sync with the Podfile.lock. Run 'pod install' or update your CocoaPods installation.\" >&2\n    exit 1\nfi\n# This output is used by Xcode 'outputs' to avoid re-running this script phase.\necho \"SUCCESS\" > \"${SCRIPT_OUTPUT_FILE_0}\"\n";
			showEnvVarsInLog = 0;
		};
		052E2BB03A474731ECF57F41 /* [CP] Copy Pods Resources */ = {
			isa = PBXShellScriptBuildPhase;
			buildActionMask = 2147483647;
			files = (
			);
			inputPaths = (
			);
			name = "[CP] Copy Pods Resources";
			outputPaths = (
			);
			runOnlyForDeploymentPostprocessing = 0;
			shellPath = /bin/sh;
			shellScript = "\"${SRCROOT}/Pods/Target Support Files/Pods-Remote ControllerUITests/Pods-Remote ControllerUITests-resources.sh\"\n";
			showEnvVarsInLog = 0;
		};
		0F0890E922C473F3995F9C4E /* [CP] Embed Pods Frameworks */ = {
			isa = PBXShellScriptBuildPhase;
			buildActionMask = 2147483647;
			files = (
			);
			inputPaths = (
			);
			name = "[CP] Embed Pods Frameworks";
			outputPaths = (
			);
			runOnlyForDeploymentPostprocessing = 0;
			shellPath = /bin/sh;
			shellScript = "\"${SRCROOT}/Pods/Target Support Files/Pods-Remote ControllerUITests/Pods-Remote ControllerUITests-frameworks.sh\"\n";
			showEnvVarsInLog = 0;
		};
		152AD68CC4EA32234F7FD06B /* [CP] Copy Pods Resources */ = {
			isa = PBXShellScriptBuildPhase;
			buildActionMask = 2147483647;
			files = (
			);
			inputPaths = (
			);
			name = "[CP] Copy Pods Resources";
			outputPaths = (
			);
			runOnlyForDeploymentPostprocessing = 0;
			shellPath = /bin/sh;
			shellScript = "\"${SRCROOT}/Pods/Target Support Files/Pods-Remote ControllerTests/Pods-Remote ControllerTests-resources.sh\"\n";
			showEnvVarsInLog = 0;
		};
		29189FB63856AD39D338BEA4 /* [CP] Copy Pods Resources */ = {
			isa = PBXShellScriptBuildPhase;
			buildActionMask = 2147483647;
			files = (
			);
			inputPaths = (
			);
			name = "[CP] Copy Pods Resources";
			outputPaths = (
			);
			runOnlyForDeploymentPostprocessing = 0;
			shellPath = /bin/sh;
			shellScript = "\"${SRCROOT}/Pods/Target Support Files/Pods-Remote Controller/Pods-Remote Controller-resources.sh\"\n";
			showEnvVarsInLog = 0;
		};
		7F0AEDA555187CE58B1AAF09 /* [CP] Embed Pods Frameworks */ = {
			isa = PBXShellScriptBuildPhase;
			buildActionMask = 2147483647;
			files = (
			);
			inputPaths = (
				"${SRCROOT}/Pods/Target Support Files/Pods-Remote Controller/Pods-Remote Controller-frameworks.sh",
				"${BUILT_PRODUCTS_DIR}/CDJoystick/CDJoystick.framework",
			);
			name = "[CP] Embed Pods Frameworks";
			outputPaths = (
				"${TARGET_BUILD_DIR}/${FRAMEWORKS_FOLDER_PATH}/CDJoystick.framework",
			);
			runOnlyForDeploymentPostprocessing = 0;
			shellPath = /bin/sh;
			shellScript = "\"${SRCROOT}/Pods/Target Support Files/Pods-Remote Controller/Pods-Remote Controller-frameworks.sh\"\n";
			showEnvVarsInLog = 0;
		};
		ADD1563E6820FBE6A1F238E1 /* [CP] Embed Pods Frameworks */ = {
			isa = PBXShellScriptBuildPhase;
			buildActionMask = 2147483647;
			files = (
			);
			inputPaths = (
			);
			name = "[CP] Embed Pods Frameworks";
			outputPaths = (
			);
			runOnlyForDeploymentPostprocessing = 0;
			shellPath = /bin/sh;
			shellScript = "\"${SRCROOT}/Pods/Target Support Files/Pods-Remote ControllerTests/Pods-Remote ControllerTests-frameworks.sh\"\n";
			showEnvVarsInLog = 0;
		};
		B283B3D08958062DD43D485A /* [CP] Check Pods Manifest.lock */ = {
			isa = PBXShellScriptBuildPhase;
			buildActionMask = 2147483647;
			files = (
			);
			inputPaths = (
				"${PODS_PODFILE_DIR_PATH}/Podfile.lock",
				"${PODS_ROOT}/Manifest.lock",
			);
			name = "[CP] Check Pods Manifest.lock";
			outputPaths = (
				"$(DERIVED_FILE_DIR)/Pods-Remote ControllerTests-checkManifestLockResult.txt",
			);
			runOnlyForDeploymentPostprocessing = 0;
			shellPath = /bin/sh;
			shellScript = "diff \"${PODS_PODFILE_DIR_PATH}/Podfile.lock\" \"${PODS_ROOT}/Manifest.lock\" > /dev/null\nif [ $? != 0 ] ; then\n    # print error to STDERR\n    echo \"error: The sandbox is not in sync with the Podfile.lock. Run 'pod install' or update your CocoaPods installation.\" >&2\n    exit 1\nfi\n# This output is used by Xcode 'outputs' to avoid re-running this script phase.\necho \"SUCCESS\" > \"${SCRIPT_OUTPUT_FILE_0}\"\n";
			showEnvVarsInLog = 0;
		};
		F7FFDA9A024667502547E910 /* [CP] Check Pods Manifest.lock */ = {
			isa = PBXShellScriptBuildPhase;
			buildActionMask = 2147483647;
			files = (
			);
			inputPaths = (
				"${PODS_PODFILE_DIR_PATH}/Podfile.lock",
				"${PODS_ROOT}/Manifest.lock",
			);
			name = "[CP] Check Pods Manifest.lock";
			outputPaths = (
				"$(DERIVED_FILE_DIR)/Pods-Remote Controller-checkManifestLockResult.txt",
			);
			runOnlyForDeploymentPostprocessing = 0;
			shellPath = /bin/sh;
			shellScript = "diff \"${PODS_PODFILE_DIR_PATH}/Podfile.lock\" \"${PODS_ROOT}/Manifest.lock\" > /dev/null\nif [ $? != 0 ] ; then\n    # print error to STDERR\n    echo \"error: The sandbox is not in sync with the Podfile.lock. Run 'pod install' or update your CocoaPods installation.\" >&2\n    exit 1\nfi\n# This output is used by Xcode 'outputs' to avoid re-running this script phase.\necho \"SUCCESS\" > \"${SCRIPT_OUTPUT_FILE_0}\"\n";
			showEnvVarsInLog = 0;
		};
/* End PBXShellScriptBuildPhase section */

/* Begin PBXSourcesBuildPhase section */
		57C7DDA71F9908470084A056 /* Sources */ = {
			isa = PBXSourcesBuildPhase;
			buildActionMask = 2147483647;
			files = (
				57C7DDB11F9908470084A056 /* ViewController.swift in Sources */,
				57C7DDAF1F9908470084A056 /* AppDelegate.swift in Sources */,
			);
			runOnlyForDeploymentPostprocessing = 0;
		};
		57C7DDBB1F9908470084A056 /* Sources */ = {
			isa = PBXSourcesBuildPhase;
			buildActionMask = 2147483647;
			files = (
				57C7DDC41F9908480084A056 /* Remote_ControllerTests.swift in Sources */,
			);
			runOnlyForDeploymentPostprocessing = 0;
		};
		57C7DDC61F9908480084A056 /* Sources */ = {
			isa = PBXSourcesBuildPhase;
			buildActionMask = 2147483647;
			files = (
				57C7DDCF1F9908480084A056 /* Remote_ControllerUITests.swift in Sources */,
			);
			runOnlyForDeploymentPostprocessing = 0;
		};
/* End PBXSourcesBuildPhase section */

/* Begin PBXTargetDependency section */
		57C7DDC11F9908470084A056 /* PBXTargetDependency */ = {
			isa = PBXTargetDependency;
			target = 57C7DDAA1F9908470084A056 /* Remote Controller */;
			targetProxy = 57C7DDC01F9908470084A056 /* PBXContainerItemProxy */;
		};
		57C7DDCC1F9908480084A056 /* PBXTargetDependency */ = {
			isa = PBXTargetDependency;
			target = 57C7DDAA1F9908470084A056 /* Remote Controller */;
			targetProxy = 57C7DDCB1F9908480084A056 /* PBXContainerItemProxy */;
		};
/* End PBXTargetDependency section */

/* Begin PBXVariantGroup section */
		57C7DDB21F9908470084A056 /* Main.storyboard */ = {
			isa = PBXVariantGroup;
			children = (
				57C7DDB31F9908470084A056 /* Base */,
			);
			name = Main.storyboard;
			sourceTree = "<group>";
		};
		57C7DDB71F9908470084A056 /* LaunchScreen.storyboard */ = {
			isa = PBXVariantGroup;
			children = (
				57C7DDB81F9908470084A056 /* Base */,
			);
			name = LaunchScreen.storyboard;
			sourceTree = "<group>";
		};
/* End PBXVariantGroup section */

/* Begin XCBuildConfiguration section */
		57C7DDD11F9908480084A056 /* Debug */ = {
			isa = XCBuildConfiguration;
			buildSettings = {
				ALWAYS_SEARCH_USER_PATHS = NO;
				CLANG_ANALYZER_NONNULL = YES;
				CLANG_ANALYZER_NUMBER_OBJECT_CONVERSION = YES_AGGRESSIVE;
				CLANG_CXX_LANGUAGE_STANDARD = "gnu++0x";
				CLANG_CXX_LIBRARY = "libc++";
				CLANG_ENABLE_MODULES = YES;
				CLANG_ENABLE_OBJC_ARC = YES;
				CLANG_WARN_BOOL_CONVERSION = YES;
				CLANG_WARN_CONSTANT_CONVERSION = YES;
				CLANG_WARN_DIRECT_OBJC_ISA_USAGE = YES_ERROR;
				CLANG_WARN_DOCUMENTATION_COMMENTS = YES;
				CLANG_WARN_EMPTY_BODY = YES;
				CLANG_WARN_ENUM_CONVERSION = YES;
				CLANG_WARN_INFINITE_RECURSION = YES;
				CLANG_WARN_INT_CONVERSION = YES;
				CLANG_WARN_OBJC_ROOT_CLASS = YES_ERROR;
				CLANG_WARN_SUSPICIOUS_MOVE = YES;
				CLANG_WARN_UNREACHABLE_CODE = YES;
				CLANG_WARN__DUPLICATE_METHOD_MATCH = YES;
				"CODE_SIGN_IDENTITY[sdk=iphoneos*]" = "iPhone Developer";
				COPY_PHASE_STRIP = NO;
				DEBUG_INFORMATION_FORMAT = dwarf;
				ENABLE_STRICT_OBJC_MSGSEND = YES;
				ENABLE_TESTABILITY = YES;
				GCC_C_LANGUAGE_STANDARD = gnu99;
				GCC_DYNAMIC_NO_PIC = NO;
				GCC_NO_COMMON_BLOCKS = YES;
				GCC_OPTIMIZATION_LEVEL = 0;
				GCC_PREPROCESSOR_DEFINITIONS = (
					"DEBUG=1",
					"$(inherited)",
				);
				GCC_WARN_64_TO_32_BIT_CONVERSION = YES;
				GCC_WARN_ABOUT_RETURN_TYPE = YES_ERROR;
				GCC_WARN_UNDECLARED_SELECTOR = YES;
				GCC_WARN_UNINITIALIZED_AUTOS = YES_AGGRESSIVE;
				GCC_WARN_UNUSED_FUNCTION = YES;
				GCC_WARN_UNUSED_VARIABLE = YES;
				IPHONEOS_DEPLOYMENT_TARGET = 10.3;
				MTL_ENABLE_DEBUG_INFO = YES;
				ONLY_ACTIVE_ARCH = YES;
				SDKROOT = iphoneos;
				SWIFT_ACTIVE_COMPILATION_CONDITIONS = DEBUG;
				SWIFT_OPTIMIZATION_LEVEL = "-Onone";
				TARGETED_DEVICE_FAMILY = "1,2";
			};
			name = Debug;
		};
		57C7DDD21F9908480084A056 /* Release */ = {
			isa = XCBuildConfiguration;
			buildSettings = {
				ALWAYS_SEARCH_USER_PATHS = NO;
				CLANG_ANALYZER_NONNULL = YES;
				CLANG_ANALYZER_NUMBER_OBJECT_CONVERSION = YES_AGGRESSIVE;
				CLANG_CXX_LANGUAGE_STANDARD = "gnu++0x";
				CLANG_CXX_LIBRARY = "libc++";
				CLANG_ENABLE_MODULES = YES;
				CLANG_ENABLE_OBJC_ARC = YES;
				CLANG_WARN_BOOL_CONVERSION = YES;
				CLANG_WARN_CONSTANT_CONVERSION = YES;
				CLANG_WARN_DIRECT_OBJC_ISA_USAGE = YES_ERROR;
				CLANG_WARN_DOCUMENTATION_COMMENTS = YES;
				CLANG_WARN_EMPTY_BODY = YES;
				CLANG_WARN_ENUM_CONVERSION = YES;
				CLANG_WARN_INFINITE_RECURSION = YES;
				CLANG_WARN_INT_CONVERSION = YES;
				CLANG_WARN_OBJC_ROOT_CLASS = YES_ERROR;
				CLANG_WARN_SUSPICIOUS_MOVE = YES;
				CLANG_WARN_UNREACHABLE_CODE = YES;
				CLANG_WARN__DUPLICATE_METHOD_MATCH = YES;
				"CODE_SIGN_IDENTITY[sdk=iphoneos*]" = "iPhone Developer";
				COPY_PHASE_STRIP = NO;
				DEBUG_INFORMATION_FORMAT = "dwarf-with-dsym";
				ENABLE_NS_ASSERTIONS = NO;
				ENABLE_STRICT_OBJC_MSGSEND = YES;
				GCC_C_LANGUAGE_STANDARD = gnu99;
				GCC_NO_COMMON_BLOCKS = YES;
				GCC_WARN_64_TO_32_BIT_CONVERSION = YES;
				GCC_WARN_ABOUT_RETURN_TYPE = YES_ERROR;
				GCC_WARN_UNDECLARED_SELECTOR = YES;
				GCC_WARN_UNINITIALIZED_AUTOS = YES_AGGRESSIVE;
				GCC_WARN_UNUSED_FUNCTION = YES;
				GCC_WARN_UNUSED_VARIABLE = YES;
				IPHONEOS_DEPLOYMENT_TARGET = 10.3;
				MTL_ENABLE_DEBUG_INFO = NO;
				SDKROOT = iphoneos;
				SWIFT_OPTIMIZATION_LEVEL = "-Owholemodule";
				TARGETED_DEVICE_FAMILY = "1,2";
				VALIDATE_PRODUCT = YES;
			};
			name = Release;
		};
		57C7DDD41F9908480084A056 /* Debug */ = {
			isa = XCBuildConfiguration;
			baseConfigurationReference = AB998464C636FBD032DF7E21 /* Pods-Remote Controller.debug.xcconfig */;
			buildSettings = {
				ASSETCATALOG_COMPILER_APPICON_NAME = AppIcon;
				CLANG_ENABLE_MODULES = YES;
				DEVELOPMENT_TEAM = 2GDE33WMRU;
				INFOPLIST_FILE = "Remote Controller/Info.plist";
				LD_RUNPATH_SEARCH_PATHS = "$(inherited) @executable_path/Frameworks";
				PRODUCT_BUNDLE_IDENTIFIER = "com.2bitzshort.Remote-Controller";
				PRODUCT_NAME = "$(TARGET_NAME)";
				SWIFT_OBJC_BRIDGING_HEADER = "Remote Controller/BeeTee/Remote Controller-Bridging-Header.h";
				SWIFT_OPTIMIZATION_LEVEL = "-Onone";
				SWIFT_SWIFT3_OBJC_INFERENCE = On;
				SWIFT_VERSION = 4.0;
				TARGETED_DEVICE_FAMILY = 1;
			};
			name = Debug;
		};
		57C7DDD51F9908480084A056 /* Release */ = {
			isa = XCBuildConfiguration;
			baseConfigurationReference = 4CFCF1662C138634C065991A /* Pods-Remote Controller.release.xcconfig */;
			buildSettings = {
				ASSETCATALOG_COMPILER_APPICON_NAME = AppIcon;
				CLANG_ENABLE_MODULES = YES;
				DEVELOPMENT_TEAM = 2GDE33WMRU;
				INFOPLIST_FILE = "Remote Controller/Info.plist";
				LD_RUNPATH_SEARCH_PATHS = "$(inherited) @executable_path/Frameworks";
				PRODUCT_BUNDLE_IDENTIFIER = "com.2bitzshort.Remote-Controller";
				PRODUCT_NAME = "$(TARGET_NAME)";
				SWIFT_OBJC_BRIDGING_HEADER = "Remote Controller/BeeTee/Remote Controller-Bridging-Header.h";
				SWIFT_SWIFT3_OBJC_INFERENCE = On;
				SWIFT_VERSION = 4.0;
				TARGETED_DEVICE_FAMILY = 1;
			};
			name = Release;
		};
		57C7DDD71F9908480084A056 /* Debug */ = {
			isa = XCBuildConfiguration;
			baseConfigurationReference = 86D5511C0C38EA2A84E943D9 /* Pods-Remote ControllerTests.debug.xcconfig */;
			buildSettings = {
				ALWAYS_EMBED_SWIFT_STANDARD_LIBRARIES = YES;
				BUNDLE_LOADER = "$(TEST_HOST)";
				INFOPLIST_FILE = "Remote ControllerTests/Info.plist";
				LD_RUNPATH_SEARCH_PATHS = "$(inherited) @executable_path/Frameworks @loader_path/Frameworks";
				PRODUCT_BUNDLE_IDENTIFIER = "com.2bitzshort.Remote-ControllerTests";
				PRODUCT_NAME = "$(TARGET_NAME)";
				SWIFT_SWIFT3_OBJC_INFERENCE = On;
				SWIFT_VERSION = 4.0;
				TEST_HOST = "$(BUILT_PRODUCTS_DIR)/Remote Controller.app/Remote Controller";
			};
			name = Debug;
		};
		57C7DDD81F9908480084A056 /* Release */ = {
			isa = XCBuildConfiguration;
			baseConfigurationReference = 93774E19DBF3B74FD87BAC61 /* Pods-Remote ControllerTests.release.xcconfig */;
			buildSettings = {
				ALWAYS_EMBED_SWIFT_STANDARD_LIBRARIES = YES;
				BUNDLE_LOADER = "$(TEST_HOST)";
				INFOPLIST_FILE = "Remote ControllerTests/Info.plist";
				LD_RUNPATH_SEARCH_PATHS = "$(inherited) @executable_path/Frameworks @loader_path/Frameworks";
				PRODUCT_BUNDLE_IDENTIFIER = "com.2bitzshort.Remote-ControllerTests";
				PRODUCT_NAME = "$(TARGET_NAME)";
				SWIFT_SWIFT3_OBJC_INFERENCE = On;
				SWIFT_VERSION = 4.0;
				TEST_HOST = "$(BUILT_PRODUCTS_DIR)/Remote Controller.app/Remote Controller";
			};
			name = Release;
		};
		57C7DDDA1F9908480084A056 /* Debug */ = {
			isa = XCBuildConfiguration;
			baseConfigurationReference = 10AB8C0F1EBC24DDB0973F76 /* Pods-Remote ControllerUITests.debug.xcconfig */;
			buildSettings = {
				ALWAYS_EMBED_SWIFT_STANDARD_LIBRARIES = YES;
				INFOPLIST_FILE = "Remote ControllerUITests/Info.plist";
				LD_RUNPATH_SEARCH_PATHS = "$(inherited) @executable_path/Frameworks @loader_path/Frameworks";
				PRODUCT_BUNDLE_IDENTIFIER = "com.2bitzshort.Remote-ControllerUITests";
				PRODUCT_NAME = "$(TARGET_NAME)";
				SWIFT_SWIFT3_OBJC_INFERENCE = On;
				SWIFT_VERSION = 4.0;
				TEST_TARGET_NAME = "Remote Controller";
			};
			name = Debug;
		};
		57C7DDDB1F9908480084A056 /* Release */ = {
			isa = XCBuildConfiguration;
			baseConfigurationReference = D24DBE45F2C4A08AA507A44D /* Pods-Remote ControllerUITests.release.xcconfig */;
			buildSettings = {
				ALWAYS_EMBED_SWIFT_STANDARD_LIBRARIES = YES;
				INFOPLIST_FILE = "Remote ControllerUITests/Info.plist";
				LD_RUNPATH_SEARCH_PATHS = "$(inherited) @executable_path/Frameworks @loader_path/Frameworks";
				PRODUCT_BUNDLE_IDENTIFIER = "com.2bitzshort.Remote-ControllerUITests";
				PRODUCT_NAME = "$(TARGET_NAME)";
				SWIFT_SWIFT3_OBJC_INFERENCE = On;
				SWIFT_VERSION = 4.0;
				TEST_TARGET_NAME = "Remote Controller";
			};
			name = Release;
		};
/* End XCBuildConfiguration section */

/* Begin XCConfigurationList section */
		57C7DDA61F9908470084A056 /* Build configuration list for PBXProject "Remote Controller" */ = {
			isa = XCConfigurationList;
			buildConfigurations = (
				57C7DDD11F9908480084A056 /* Debug */,
				57C7DDD21F9908480084A056 /* Release */,
			);
			defaultConfigurationIsVisible = 0;
			defaultConfigurationName = Release;
		};
		57C7DDD31F9908480084A056 /* Build configuration list for PBXNativeTarget "Remote Controller" */ = {
			isa = XCConfigurationList;
			buildConfigurations = (
				57C7DDD41F9908480084A056 /* Debug */,
				57C7DDD51F9908480084A056 /* Release */,
			);
			defaultConfigurationIsVisible = 0;
			defaultConfigurationName = Release;
		};
		57C7DDD61F9908480084A056 /* Build configuration list for PBXNativeTarget "Remote ControllerTests" */ = {
			isa = XCConfigurationList;
			buildConfigurations = (
				57C7DDD71F9908480084A056 /* Debug */,
				57C7DDD81F9908480084A056 /* Release */,
			);
			defaultConfigurationIsVisible = 0;
			defaultConfigurationName = Release;
		};
		57C7DDD91F9908480084A056 /* Build configuration list for PBXNativeTarget "Remote ControllerUITests" */ = {
			isa = XCConfigurationList;
			buildConfigurations = (
				57C7DDDA1F9908480084A056 /* Debug */,
				57C7DDDB1F9908480084A056 /* Release */,
			);
			defaultConfigurationIsVisible = 0;
			defaultConfigurationName = Release;
		};
/* End XCConfigurationList section */
	};
	rootObject = 57C7DDA31F9908470084A056 /* Project object */;
}
